{
  "lockfile-version": 1,
  "manifest": {
    "version": 1,
    "install": {
      "uv": {
        "pkg-path": "uv"
      }
    },
    "hook": {},
    "profile": {},
    "options": {
      "systems": [
        "aarch64-darwin",
        "aarch64-linux",
        "x86_64-darwin",
        "x86_64-linux"
      ],
      "allow": {
        "licenses": []
      },
      "semver": {}
    }
  },
  "packages": [
    {
      "attr_path": "uv",
      "broken": false,
      "derivation": "/nix/store/aidkqg237y3hgcb9fjf6nsn31n21hp3f-uv-0.4.30.drv",
      "description": "Extremely fast Python package installer and resolver, written in Rust",
      "install_id": "uv",
      "license": "[ Apache-2.0, MIT ]",
      "locked_url": "https://github.com/flox/nixpkgs?rev=d0797a04b81caeae77bcff10a9dde78bc17f5661",
      "name": "uv-0.4.30",
      "pname": "uv",
      "rev": "d0797a04b81caeae77bcff10a9dde78bc17f5661",
      "rev_count": 717074,
      "rev_date": "2024-12-05T09:53:19Z",
      "scrape_date": "2024-12-07T04:05:05Z",
      "stabilities": [
        "unstable"
      ],
      "unfree": false,
      "version": "0.4.30",
      "outputs_to_install": [
        "out"
      ],
      "outputs": {
        "dist": "/nix/store/5yg78vahciiraipg9xbmq3gmncyw4wig-uv-0.4.30-dist",
        "out": "/nix/store/kcam2c7p2n7k6kazx8ipy9v93mmp2acd-uv-0.4.30"
      },
      "system": "aarch64-darwin",
      "group": "toplevel",
      "priority": 5
    },
    {
      "attr_path": "uv",
      "broken": false,
      "derivation": "/nix/store/ci8v6w8gvk0g8a8vqsrwxxpfkqaqwf1c-uv-0.4.30.drv",
      "description": "Extremely fast Python package installer and resolver, written in Rust",
      "install_id": "uv",
      "license": "[ Apache-2.0, MIT ]",
      "locked_url": "https://github.com/flox/nixpkgs?rev=d0797a04b81caeae77bcff10a9dde78bc17f5661",
      "name": "uv-0.4.30",
      "pname": "uv",
      "rev": "d0797a04b81caeae77bcff10a9dde78bc17f5661",
      "rev_count": 717074,
      "rev_date": "2024-12-05T09:53:19Z",
      "scrape_date": "2024-12-07T04:05:05Z",
      "stabilities": [
        "unstable"
      ],
      "unfree": false,
      "version": "0.4.30",
      "outputs_to_install": [
        "out"
      ],
      "outputs": {
        "dist": "/nix/store/i1rvg12ibvdmbnfjdfzi02n273sz659k-uv-0.4.30-dist",
        "out": "/nix/store/xwmpvkhkxvbibbkfpphijw85l4dxrd6m-uv-0.4.30"
      },
      "system": "aarch64-linux",
      "group": "toplevel",
      "priority": 5
    },
    {
      "attr_path": "uv",
      "broken": false,
      "derivation": "/nix/store/2ap3mm59grybazn6z4p0mvc894vj7x81-uv-0.4.30.drv",
      "description": "Extremely fast Python package installer and resolver, written in Rust",
      "install_id": "uv",
      "license": "[ Apache-2.0, MIT ]",
      "locked_url": "https://github.com/flox/nixpkgs?rev=d0797a04b81caeae77bcff10a9dde78bc17f5661",
      "name": "uv-0.4.30",
      "pname": "uv",
      "rev": "d0797a04b81caeae77bcff10a9dde78bc17f5661",
      "rev_count": 717074,
      "rev_date": "2024-12-05T09:53:19Z",
      "scrape_date": "2024-12-07T04:05:05Z",
      "stabilities": [
        "unstable"
      ],
      "unfree": false,
      "version": "0.4.30",
      "outputs_to_install": [
        "out"
      ],
      "outputs": {
        "dist": "/nix/store/s042m2w3hk82hg4a1a4m7vzzkw7rdwbi-uv-0.4.30-dist",
        "out": "/nix/store/wwnghahh84p3b3f859vsq0l1lcjy2cqj-uv-0.4.30"
      },
      "system": "x86_64-darwin",
      "group": "toplevel",
      "priority": 5
    },
    {
      "attr_path": "uv",
      "broken": false,
      "derivation": "/nix/store/94ycqkkxzhdbs10alhsgpzvg872qggl4-uv-0.4.30.drv",
      "description": "Extremely fast Python package installer and resolver, written in Rust",
      "install_id": "uv",
      "license": "[ Apache-2.0, MIT ]",
      "locked_url": "https://github.com/flox/nixpkgs?rev=d0797a04b81caeae77bcff10a9dde78bc17f5661",
      "name": "uv-0.4.30",
      "pname": "uv",
      "rev": "d0797a04b81caeae77bcff10a9dde78bc17f5661",
      "rev_count": 717074,
      "rev_date": "2024-12-05T09:53:19Z",
      "scrape_date": "2024-12-07T04:05:05Z",
      "stabilities": [
        "unstable"
      ],
      "unfree": false,
      "version": "0.4.30",
      "outputs_to_install": [
        "out"
      ],
      "outputs": {
        "dist": "/nix/store/93m90v0vlxwmz04pia4hj7ni791x65rv-uv-0.4.30-dist",
        "out": "/nix/store/w7cs06nn9vvk8a59nv48y4biv9zzv43x-uv-0.4.30"
      },
      "system": "x86_64-linux",
      "group": "toplevel",
      "priority": 5
    }
  ]
}